{
  "lockfileVersion": 1,
  "configVersion": 1,
  "workspaces": {
    "": {
      "name": "opencode-gateway-workspace",
      "devDependencies": {
        "@types/node": "^25.5.0",
        "typescript": "5.8",
      },
    },
    "packages/opencode-plugin": {
      "name": "opencode-gateway",
      "version": "0.3.4",
      "bin": {
        "opencode-gateway": "./dist/cli.js",
      },
      "dependencies": {
        "@ff-labs/fff-node": "^0.4.2",
        "@opencode-ai/plugin": "~1.3.0",
        "@opencode-ai/sdk": "~1.3.0",
        "better-sqlite3": "^12.8.0",
        "fast-glob": "^3.3.3",
        "marked": "^17.0.5",
        "mime-types": "^3.0.2",
        "smol-toml": "^1.6.1",
      },
      "devDependencies": {
        "@types/better-sqlite3": "^7.6.13",
        "@types/mime-types": "^3.0.1",
        "bun-types": "^1.3.11",
      },
    },
  },
  "packages": {
    "@ff-labs/fff-bin-darwin-arm64": ["@ff-labs/fff-bin-darwin-arm64@0.4.2", "", { "os": "darwin", "cpu": "arm64" }, "sha512-R9ieZvBaAmYNbdGT3gs2HUQ0Sm4I5tBrJwOepdCoeIZvJFI71hCY2DCFzeoXH2wbxMsPF70c1FSr8qERhcrbVw=="],

    "@ff-labs/fff-bin-darwin-x64": ["@ff-labs/fff-bin-darwin-x64@0.4.2", "", { "os": "darwin", "cpu": "x64" }, "sha512-iJNgUdkS1sVMhWe6l60ZmG9BcSB87CdO65K4AuMbwHQZTHxje9Sapf+AWPGYem6H0endS7HF7ejH+yoZmCF0uw=="],

    "@ff-labs/fff-bin-linux-arm64-gnu": ["@ff-labs/fff-bin-linux-arm64-gnu@0.4.2", "", { "os": "linux", "cpu": "arm64" }, "sha512-vldJC/j/Kf0LVS599CPTeIaBAd+8J6FFJ1euWn4OoSu63P3CD+9ITrmPWkIGUrt+0myOXABAx0KgLBGADtIAKg=="],

    "@ff-labs/fff-bin-linux-arm64-musl": ["@ff-labs/fff-bin-linux-arm64-musl@0.4.2", "", { "os": "linux", "cpu": "arm64" }, "sha512-RgL1Oq6QMZm+M4R14SYLtiRMUObA8k+EHIftaplKpLu4Cr0q5lCclRszS0o0Le0hmFrrIvMn6pFRE7LoEzKqAQ=="],

    "@ff-labs/fff-bin-linux-x64-gnu": ["@ff-labs/fff-bin-linux-x64-gnu@0.4.2", "", { "os": "linux", "cpu": "x64" }, "sha512-ysImURWrxLT7WFTn46NrXOg4ygbuIp4NkKbWzOAzLYoMOU5JRllUxb3huw3sZNbXn+/9tpq3OE9VmWuAi0YZ/w=="],

    "@ff-labs/fff-bin-linux-x64-musl": ["@ff-labs/fff-bin-linux-x64-musl@0.4.2", "", { "os": "linux", "cpu": "x64" }, "sha512-Us4ysq/oCrcf+h5lOPzDbxFJ8WI8bSVbSVudYHYFpe54417oWtbokdbzgb5Yx7108dW7jCDtGkxq+Cnau2002A=="],

    "@ff-labs/fff-bin-win32-arm64": ["@ff-labs/fff-bin-win32-arm64@0.4.2", "", { "os": "win32", "cpu": "arm64" }, "sha512-rkF8lNEUhaZmGESJdQGSnIReg5hMDbb7giFxTlEzgeFRkWZpjKkDajGVuJ+Rd2bI5AoxUNuTDUfvta5EkQ2S5g=="],

    "@ff-labs/fff-bin-win32-x64": ["@ff-labs/fff-bin-win32-x64@0.4.2", "", { "os": "win32", "cpu": "x64" }, "sha512-wtSZiI2/7Z61GdVlGxPtXcuQV4EyoHgVBLhJ5wXcGwEQLp/r8GUWzSpN7iDQaOKKEvHbT2XiEbcbdw+jhDR7qQ=="],

    "@ff-labs/fff-node": ["@ff-labs/fff-node@0.4.2", "", { "dependencies": { "ffi-rs": "^1.0.0" }, "optionalDependencies": { "@ff-labs/fff-bin-darwin-arm64": "0.4.2", "@ff-labs/fff-bin-darwin-x64": "0.4.2", "@ff-labs/fff-bin-linux-arm64-gnu": "0.4.2", "@ff-labs/fff-bin-linux-arm64-musl": "0.4.2", "@ff-labs/fff-bin-linux-x64-gnu": "0.4.2", "@ff-labs/fff-bin-linux-x64-musl": "0.4.2", "@ff-labs/fff-bin-win32-arm64": "0.4.2", "@ff-labs/fff-bin-win32-x64": "0.4.2" }, "os": [ "linux", "win32", "darwin", ], "cpu": [ "x64", "arm64", ] }, "sha512-R1jjyvWmLC6qLOxFwdZhhA4UrOZY6r5nuqsuMpdsrDOhMMktJsbhMDZzRqXIy+GXTQBqAF1oBhW6FN6ahTCPBA=="],

    "@nodelib/fs.scandir": ["@nodelib/fs.scandir@2.1.5", "", { "dependencies": { "@nodelib/fs.stat": "2.0.5", "run-parallel": "^1.1.9" } }, "sha512-vq24Bq3ym5HEQm2NKCr3yXDwjc7vTsEThRDnkp2DK9p1uqLR+DHurm/NOTo0KG7HYHU7eppKZj3MyqYuMBf62g=="],

    "@nodelib/fs.stat": ["@nodelib/fs.stat@2.0.5", "", {}, "sha512-RkhPPp2zrqDAQA/2jNhnztcPAlv64XdhIp7a7454A5ovI7Bukxgt7MX7udwAu3zg1DcpPU0rz3VV1SeaqvY4+A=="],

    "@nodelib/fs.walk": ["@nodelib/fs.walk@1.2.8", "", { "dependencies": { "@nodelib/fs.scandir": "2.1.5", "fastq": "^1.6.0" } }, "sha512-oGB+UxlgWcgQkgwo8GcEGwemoTFt3FIO9ababBmaGwXIoBKZ+GTy0pP185beGg7Llih/NSHSV2XAs1lnznocSg=="],

    "@opencode-ai/plugin": ["@opencode-ai/plugin@1.3.0", "https://registry.npmmirror.com/@opencode-ai/plugin/-/plugin-1.3.0.tgz", { "dependencies": { "@opencode-ai/sdk": "1.3.0", "zod": "4.1.8" } }, "sha512-mR1Kdcpr3Iv+KS7cL2DRFB6QAcSoR6/DojmwuxYF/pMCahMtaCLiqZGQjoSNl12+gQ6RsIJJyUh/jX3JVlOx8A=="],

    "@opencode-ai/sdk": ["@opencode-ai/sdk@1.3.0", "https://registry.npmmirror.com/@opencode-ai/sdk/-/sdk-1.3.0.tgz", {}, "sha512-5WyYEpcV6Zk9otXOMIrvZRbJm1yxt/c8EXSBn1p6Sw1yagz8HRljkoUTJFxzD0x2+/6vAZItr3OrXDZfE+oA2g=="],

    "@types/better-sqlite3": ["@types/better-sqlite3@7.6.13", "", { "dependencies": { "@types/node": "*" } }, "sha512-NMv9ASNARoKksWtsq/SHakpYAYnhBrQgGD8zkLYk/jaK8jUGn08CfEdTRgYhMypUQAfzSP8W6gNLe0q19/t4VA=="],

    "@types/mime-types": ["@types/mime-types@3.0.1", "", {}, "sha512-xRMsfuQbnRq1Ef+C+RKaENOxXX87Ygl38W1vDfPHRku02TgQr+Qd8iivLtAMcR0KF5/29xlnFihkTlbqFrGOVQ=="],

    "@types/node": ["@types/node@25.5.0", "https://registry.npmmirror.com/@types/node/-/node-25.5.0.tgz", { "dependencies": { "undici-types": "~7.18.0" } }, "sha512-jp2P3tQMSxWugkCUKLRPVUpGaL5MVFwF8RDuSRztfwgN1wmqJeMSbKlnEtQqU8UrhTmzEmZdu2I6v2dpp7XIxw=="],

    "@yuuang/ffi-rs-android-arm64": ["@yuuang/ffi-rs-android-arm64@1.3.1", "", { "os": "android", "cpu": "arm64" }, "sha512-V4nmlXdOYZEa7GOxSExVG95SLp8FE0iTq2yKeN54UlfNMr3Sik+1Ff57LcCv7qYcn4TBqnBAt5rT3FAM6T6caQ=="],

    "@yuuang/ffi-rs-darwin-arm64": ["@yuuang/ffi-rs-darwin-arm64@1.3.1", "", { "os": "darwin", "cpu": "arm64" }, "sha512-YlnTMIyzfW3mAULC5ZA774nzQfFlYXM0rrfq/8ZzWt+IMbYk55a++jrI+6JeKV+1EqlDS3TFBEFtjdBNG94KzQ=="],

    "@yuuang/ffi-rs-darwin-x64": ["@yuuang/ffi-rs-darwin-x64@1.3.1", "", { "os": "darwin", "cpu": "x64" }, "sha512-sI3LpQQ34SX4nyOHc5yxA7FSqs9qPEUMqW/y/wWo9cuyPpaHMFsi/BeOVYsnC0syp3FrY7gzn6RnD6PlXCktXg=="],

    "@yuuang/ffi-rs-linux-arm-gnueabihf": ["@yuuang/ffi-rs-linux-arm-gnueabihf@1.3.1", "", { "os": "linux", "cpu": "arm" }, "sha512-1WkcGkJTlwh4ZA59htKI+RXhiL3oKiYwLv7PO8LUf6FuADK73s5GcXp67iakKu243uYu+qGYr4RHco4ySddYhQ=="],

    "@yuuang/ffi-rs-linux-arm64-gnu": ["@yuuang/ffi-rs-linux-arm64-gnu@1.3.1", "", { "os": "linux", "cpu": "arm64" }, "sha512-J2PwqviycZxaEVA0Bwv38LqGDGSB9A1DPN4iYginYJZSvTvKW8kh7Tis0HbZrX1YDKnY8hi3lt0N0tCTNPDH5Q=="],

    "@yuuang/ffi-rs-linux-arm64-musl": ["@yuuang/ffi-rs-linux-arm64-musl@1.3.1", "", { "os": "linux", "cpu": "arm64" }, "sha512-Hn1W1hBPssTaqikU1Bqp1XUdDdOgbnYVIOtR++LVx66hhrtjf/xrIUQOhTm+NmOFDG16JUKXe1skfM4gpaqYwg=="],

    "@yuuang/ffi-rs-linux-x64-gnu": ["@yuuang/ffi-rs-linux-x64-gnu@1.3.1", "", { "os": "linux", "cpu": "x64" }, "sha512-kW6e+oCYZPvpH2ppPsffA18e1aLowtmWTRjVlyHtY04g/nQDepQvDUkkcvInh9fW5jLna7PjHvktW1tVgYIj2A=="],

    "@yuuang/ffi-rs-linux-x64-musl": ["@yuuang/ffi-rs-linux-x64-musl@1.3.1", "", { "os": "linux", "cpu": "x64" }, "sha512-HTwblAzruUS16nQPrez3ozvEHm1Xxh8J8w7rZYrpmAcNl1hzyOT8z/hY70M9Rt9fOqQ4Ovgor9qVy/U3ZJo0ZA=="],

    "@yuuang/ffi-rs-win32-arm64-msvc": ["@yuuang/ffi-rs-win32-arm64-msvc@1.3.1", "", { "os": "win32", "cpu": "arm64" }, "sha512-WeZkGl2BP1U4tRhEQH+FXLQS52N8obp74smK5AAGOfzPAT1pHkq6+dVkC1QCSIt7dHJs7SPtlnQw+5DkdZYlWA=="],

    "@yuuang/ffi-rs-win32-ia32-msvc": ["@yuuang/ffi-rs-win32-ia32-msvc@1.3.1", "", { "os": "win32", "cpu": [ "x64", "ia32", ] }, "sha512-rNGgMeCH5mdeHiMiJgt7wWXovZ+FHEfXhU9p4zZBH4n8M1/QnEsRUwlapISPLpILSGpoYS6iBuq9/fUlZY8Mhg=="],

    "@yuuang/ffi-rs-win32-x64-msvc": ["@yuuang/ffi-rs-win32-x64-msvc@1.3.1", "", { "os": "win32", "cpu": "x64" }, "sha512-dr2LcLD2CXo2a7BktlOpV68QhayqiI112KxIJC9tBgQO/Dkdg4CPsdqmvzzLhFo64iC5RLl2BT7M5lJImrfUWw=="],

    "base64-js": ["base64-js@1.5.1", "", {}, "sha512-AKpaYlHn8t4SVbOHCy+b5+KKgvR4vrsD8vbvrbiQJps7fKDTkjkDry6ji0rUJjC0kzbNePLwzxq8iypo41qeWA=="],

    "better-sqlite3": ["better-sqlite3@12.8.0", "", { "dependencies": { "bindings": "^1.5.0", "prebuild-install": "^7.1.1" } }, "sha512-RxD2Vd96sQDjQr20kdP+F+dK/1OUNiVOl200vKBZY8u0vTwysfolF6Hq+3ZK2+h8My9YvZhHsF+RSGZW2VYrPQ=="],

    "bindings": ["bindings@1.5.0", "", { "dependencies": { "file-uri-to-path": "1.0.0" } }, "sha512-p2q/t/mhvuOj/UeLlV6566GD/guowlr0hHxClI0W9m7MWYkL1F0hLo+0Aexs9HSPCtR1SXQ0TD3MMKrXZajbiQ=="],

    "bl": ["bl@4.1.0", "", { "dependencies": { "buffer": "^5.5.0", "inherits": "^2.0.4", "readable-stream": "^3.4.0" } }, "sha512-1W07cM9gS6DcLperZfFSj+bWLtaPGSOHWhPiGzXmvVJbRLdG82sH/Kn8EtW1VqWVA54AKf2h5k5BbnIbwF3h6w=="],

    "braces": ["braces@3.0.3", "", { "dependencies": { "fill-range": "^7.1.1" } }, "sha512-yQbXgO/OSZVD2IsiLlro+7Hf6Q18EJrKSEsdoMzKePKXct3gvD8oLcOQdIzGupr5Fj+EDe8gO/lxc1BzfMpxvA=="],

    "buffer": ["buffer@5.7.1", "", { "dependencies": { "base64-js": "^1.3.1", "ieee754": "^1.1.13" } }, "sha512-EHcyIPBQ4BSGlvjB16k5KgAJ27CIsHY/2JBmCRReo48y9rQ3MaUzWX3KVlBa4U7MyX02HdVj0K7C3WaB3ju7FQ=="],

    "bun-types": ["bun-types@1.3.11", "https://registry.npmmirror.com/bun-types/-/bun-types-1.3.11.tgz", { "dependencies": { "@types/node": "*" } }, "sha512-1KGPpoxQWl9f6wcZh57LvrPIInQMn2TQ7jsgxqpRzg+l0QPOFvJVH7HmvHo/AiPgwXy+/Thf6Ov3EdVn1vOabg=="],

    "chownr": ["chownr@1.1.4", "", {}, "sha512-jJ0bqzaylmJtVnNgzTeSOs8DPavpbYgEr/b0YL8/2GO3xJEhInFmhKMUnEJQjZumK7KXGFhUy89PrsJWlakBVg=="],

    "decompress-response": ["decompress-response@6.0.0", "", { "dependencies": { "mimic-response": "^3.1.0" } }, "sha512-aW35yZM6Bb/4oJlZncMH2LCoZtJXTRxES17vE3hoRiowU2kWHaJKFkSBDnDR+cm9J+9QhXmREyIfv0pji9ejCQ=="],

    "deep-extend": ["deep-extend@0.6.0", "", {}, "sha512-LOHxIOaPYdHlJRtCQfDIVZtfw/ufM8+rVj649RIHzcm/vGwQRXFt6OPqIFWsm2XEMrNIEtWR64sY1LEKD2vAOA=="],

    "detect-libc": ["detect-libc@2.1.2", "", {}, "sha512-Btj2BOOO83o3WyH59e8MgXsxEQVcarkUOpEYrubB0urwnN10yQ364rsiByU11nZlqWYZm05i/of7io4mzihBtQ=="],

    "end-of-stream": ["end-of-stream@1.4.5", "", { "dependencies": { "once": "^1.4.0" } }, "sha512-ooEGc6HP26xXq/N+GCGOT0JKCLDGrq2bQUZrQ7gyrJiZANJ/8YDTxTpQBXGMn+WbIQXNVpyWymm7KYVICQnyOg=="],

    "expand-template": ["expand-template@2.0.3", "", {}, "sha512-XYfuKMvj4O35f/pOXLObndIRvyQ+/+6AhODh+OKWj9S9498pHHn/IMszH+gt0fBCRWMNfk1ZSp5x3AifmnI2vg=="],

    "fast-glob": ["fast-glob@3.3.3", "", { "dependencies": { "@nodelib/fs.stat": "^2.0.2", "@nodelib/fs.walk": "^1.2.3", "glob-parent": "^5.1.2", "merge2": "^1.3.0", "micromatch": "^4.0.8" } }, "sha512-7MptL8U0cqcFdzIzwOTHoilX9x5BrNqye7Z/LuC7kCMRio1EMSyqRK3BEAUD7sXRq4iT4AzTVuZdhgQ2TCvYLg=="],

    "fastq": ["fastq@1.20.1", "", { "dependencies": { "reusify": "^1.0.4" } }, "sha512-GGToxJ/w1x32s/D2EKND7kTil4n8OVk/9mycTc4VDza13lOvpUZTGX3mFSCtV9ksdGBVzvsyAVLM6mHFThxXxw=="],

    "ffi-rs": ["ffi-rs@1.3.1", "", { "optionalDependencies": { "@yuuang/ffi-rs-android-arm64": "1.3.1", "@yuuang/ffi-rs-darwin-arm64": "1.3.1", "@yuuang/ffi-rs-darwin-x64": "1.3.1", "@yuuang/ffi-rs-linux-arm-gnueabihf": "1.3.1", "@yuuang/ffi-rs-linux-arm64-gnu": "1.3.1", "@yuuang/ffi-rs-linux-arm64-musl": "1.3.1", "@yuuang/ffi-rs-linux-x64-gnu": "1.3.1", "@yuuang/ffi-rs-linux-x64-musl": "1.3.1", "@yuuang/ffi-rs-win32-arm64-msvc": "1.3.1", "@yuuang/ffi-rs-win32-ia32-msvc": "1.3.1", "@yuuang/ffi-rs-win32-x64-msvc": "1.3.1" } }, "sha512-ZyNXL9fnclnZV+waQmWB9JrfbIEyxQa1OWtMrHOrAgcC04PgP5hBMG5TdhVN8N4uT/eul8zCFMVnJUukAFFlXA=="],

    "file-uri-to-path": ["file-uri-to-path@1.0.0", "", {}, "sha512-0Zt+s3L7Vf1biwWZ29aARiVYLx7iMGnEUl9x33fbB/j3jR81u/O2LbqK+Bm1CDSNDKVtJ/YjwY7TUd5SkeLQLw=="],

    "fill-range": ["fill-range@7.1.1", "", { "dependencies": { "to-regex-range": "^5.0.1" } }, "sha512-YsGpe3WHLK8ZYi4tWDg2Jy3ebRz2rXowDxnld4bkQB00cc/1Zw9AWnC0i9ztDJitivtQvaI9KaLyKrc+hBW0yg=="],

    "fs-constants": ["fs-constants@1.0.0", "", {}, "sha512-y6OAwoSIf7FyjMIv94u+b5rdheZEjzR63GTyZJm5qh4Bi+2YgwLCcI/fPFZkL5PSixOt6ZNKm+w+Hfp/Bciwow=="],

    "github-from-package": ["github-from-package@0.0.0", "", {}, "sha512-SyHy3T1v2NUXn29OsWdxmK6RwHD+vkj3v8en8AOBZ1wBQ/hCAQ5bAQTD02kW4W9tUp/3Qh6J8r9EvntiyCmOOw=="],

    "glob-parent": ["glob-parent@5.1.2", "", { "dependencies": { "is-glob": "^4.0.1" } }, "sha512-AOIgSQCepiJYwP3ARnGx+5VnTu2HBYdzbGP45eLw1vr3zB3vZLeyed1sC9hnbcOc9/SrMyM5RPQrkGz4aS9Zow=="],

    "ieee754": ["ieee754@1.2.1", "", {}, "sha512-dcyqhDvX1C46lXZcVqCpK+FtMRQVdIMN6/Df5js2zouUsqG7I6sFxitIC+7KYK29KdXOLHdu9zL4sFnoVQnqaA=="],

    "inherits": ["inherits@2.0.4", "", {}, "sha512-k/vGaX4/Yla3WzyMCvTQOXYeIHvqOKtnqBduzTHpzpQZzAskKMhZ2K+EnBiSM9zGSoIFeMpXKxa4dYeZIQqewQ=="],

    "ini": ["ini@1.3.8", "", {}, "sha512-JV/yugV2uzW5iMRSiZAyDtQd+nxtUnjeLt0acNdw98kKLrvuRVyB80tsREOE7yvGVgalhZ6RNXCmEHkUKBKxew=="],

    "is-extglob": ["is-extglob@2.1.1", "", {}, "sha512-SbKbANkN603Vi4jEZv49LeVJMn4yGwsbzZworEoyEiutsN3nJYdbO36zfhGJ6QEDpOZIFkDtnq5JRxmvl3jsoQ=="],

    "is-glob": ["is-glob@4.0.3", "", { "dependencies": { "is-extglob": "^2.1.1" } }, "sha512-xelSayHH36ZgE7ZWhli7pW34hNbNl8Ojv5KVmkJD4hBdD3th8Tfk9vYasLM+mXWOZhFkgZfxhLSnrwRr4elSSg=="],

    "is-number": ["is-number@7.0.0", "", {}, "sha512-41Cifkg6e8TylSpdtTpeLVMqvSBEVzTttHvERD741+pnZ8ANv0004MRL43QKPDlK9cGvNp6NZWZUBlbGXYxxng=="],

    "marked": ["marked@17.0.5", "", { "bin": { "marked": "bin/marked.js" } }, "sha512-6hLvc0/JEbRjRgzI6wnT2P1XuM1/RrrDEX0kPt0N7jGm1133g6X7DlxFasUIx+72aKAr904GTxhSLDrd5DIlZg=="],

    "merge2": ["merge2@1.4.1", "", {}, "sha512-8q7VEgMJW4J8tcfVPy8g09NcQwZdbwFEqhe/WZkoIzjn/3TGDwtOCYtXGxA3O8tPzpczCCDgv+P2P5y00ZJOOg=="],

    "micromatch": ["micromatch@4.0.8", "", { "dependencies": { "braces": "^3.0.3", "picomatch": "^2.3.1" } }, "sha512-PXwfBhYu0hBCPw8Dn0E+WDYb7af3dSLVWKi3HGv84IdF4TyFoC0ysxFd0Goxw7nSv4T/PzEJQxsYsEiFCKo2BA=="],

    "mime-db": ["mime-db@1.54.0", "", {}, "sha512-aU5EJuIN2WDemCcAp2vFBfp/m4EAhWJnUNSSw0ixs7/kXbd6Pg64EmwJkNdFhB8aWt1sH2CTXrLxo/iAGV3oPQ=="],

    "mime-types": ["mime-types@3.0.2", "", { "dependencies": { "mime-db": "^1.54.0" } }, "sha512-Lbgzdk0h4juoQ9fCKXW4by0UJqj+nOOrI9MJ1sSj4nI8aI2eo1qmvQEie4VD1glsS250n15LsWsYtCugiStS5A=="],

    "mimic-response": ["mimic-response@3.1.0", "", {}, "sha512-z0yWI+4FDrrweS8Zmt4Ej5HdJmky15+L2e6Wgn3+iK5fWzb6T3fhNFq2+MeTRb064c6Wr4N/wv0DzQTjNzHNGQ=="],

    "minimist": ["minimist@1.2.8", "", {}, "sha512-2yyAR8qBkN3YuheJanUpWC5U3bb5osDywNB8RzDVlDwDHbocAJveqqj1u8+SVD7jkWT4yvsHCpWqqWqAxb0zCA=="],

    "mkdirp-classic": ["mkdirp-classic@0.5.3", "", {}, "sha512-gKLcREMhtuZRwRAfqP3RFW+TK4JqApVBtOIftVgjuABpAtpxhPGaDcfvbhNvD0B8iD1oUr/txX35NjcaY6Ns/A=="],

    "napi-build-utils": ["napi-build-utils@2.0.0", "", {}, "sha512-GEbrYkbfF7MoNaoh2iGG84Mnf/WZfB0GdGEsM8wz7Expx/LlWf5U8t9nvJKXSp3qr5IsEbK04cBGhol/KwOsWA=="],

    "node-abi": ["node-abi@3.89.0", "", { "dependencies": { "semver": "^7.3.5" } }, "sha512-6u9UwL0HlAl21+agMN3YAMXcKByMqwGx+pq+P76vii5f7hTPtKDp08/H9py6DY+cfDw7kQNTGEj/rly3IgbNQA=="],

    "once": ["once@1.4.0", "", { "dependencies": { "wrappy": "1" } }, "sha512-lNaJgI+2Q5URQBkccEKHTQOPaXdUxnZZElQTZY0MFUAuaEqe1E+Nyvgdz/aIyNi6Z9MzO5dv1H8n58/GELp3+w=="],

    "opencode-gateway": ["opencode-gateway@workspace:packages/opencode-plugin"],

    "picomatch": ["picomatch@2.3.2", "", {}, "sha512-V7+vQEJ06Z+c5tSye8S+nHUfI51xoXIXjHQ99cQtKUkQqqO1kO/KCJUfZXuB47h/YBlDhah2H3hdUGXn8ie0oA=="],

    "prebuild-install": ["prebuild-install@7.1.3", "", { "dependencies": { "detect-libc": "^2.0.0", "expand-template": "^2.0.3", "github-from-package": "0.0.0", "minimist": "^1.2.3", "mkdirp-classic": "^0.5.3", "napi-build-utils": "^2.0.0", "node-abi": "^3.3.0", "pump": "^3.0.0", "rc": "^1.2.7", "simple-get": "^4.0.0", "tar-fs": "^2.0.0", "tunnel-agent": "^0.6.0" }, "bin": { "prebuild-install": "bin.js" } }, "sha512-8Mf2cbV7x1cXPUILADGI3wuhfqWvtiLA1iclTDbFRZkgRQS0NqsPZphna9V+HyTEadheuPmjaJMsbzKQFOzLug=="],

    "pump": ["pump@3.0.4", "", { "dependencies": { "end-of-stream": "^1.1.0", "once": "^1.3.1" } }, "sha512-VS7sjc6KR7e1ukRFhQSY5LM2uBWAUPiOPa/A3mkKmiMwSmRFUITt0xuj+/lesgnCv+dPIEYlkzrcyXgquIHMcA=="],

    "queue-microtask": ["queue-microtask@1.2.3", "", {}, "sha512-NuaNSa6flKT5JaSYQzJok04JzTL1CA6aGhv5rfLW3PgqA+M2ChpZQnAC8h8i4ZFkBS8X5RqkDBHA7r4hej3K9A=="],

    "rc": ["rc@1.2.8", "", { "dependencies": { "deep-extend": "^0.6.0", "ini": "~1.3.0", "minimist": "^1.2.0", "strip-json-comments": "~2.0.1" }, "bin": { "rc": "./cli.js" } }, "sha512-y3bGgqKj3QBdxLbLkomlohkvsA8gdAiUQlSBJnBhfn+BPxg4bc62d8TcBW15wavDfgexCgccckhcZvywyQYPOw=="],

    "readable-stream": ["readable-stream@3.6.2", "", { "dependencies": { "inherits": "^2.0.3", "string_decoder": "^1.1.1", "util-deprecate": "^1.0.1" } }, "sha512-9u/sniCrY3D5WdsERHzHE4G2YCXqoG5FTHUiCC4SIbr6XcLZBY05ya9EKjYek9O5xOAwjGq+1JdGBAS7Q9ScoA=="],

    "reusify": ["reusify@1.1.0", "", {}, "sha512-g6QUff04oZpHs0eG5p83rFLhHeV00ug/Yf9nZM6fLeUrPguBTkTQOdpAWWspMh55TZfVQDPaN3NQJfbVRAxdIw=="],

    "run-parallel": ["run-parallel@1.2.0", "", { "dependencies": { "queue-microtask": "^1.2.2" } }, "sha512-5l4VyZR86LZ/lDxZTR6jqL8AFE2S0IFLMP26AbjsLVADxHdhB/c0GUsH+y39UfCi3dzz8OlQuPmnaJOMoDHQBA=="],

    "safe-buffer": ["safe-buffer@5.2.1", "", {}, "sha512-rp3So07KcdmmKbGvgaNxQSJr7bGVSVk5S9Eq1F+ppbRo70+YeaDxkw5Dd8NPN+GD6bjnYm2VuPuCXmpuYvmCXQ=="],

    "semver": ["semver@7.7.4", "", { "bin": { "semver": "bin/semver.js" } }, "sha512-vFKC2IEtQnVhpT78h1Yp8wzwrf8CM+MzKMHGJZfBtzhZNycRFnXsHk6E5TxIkkMsgNS7mdX3AGB7x2QM2di4lA=="],

    "simple-concat": ["simple-concat@1.0.1", "", {}, "sha512-cSFtAPtRhljv69IK0hTVZQ+OfE9nePi/rtJmw5UjHeVyVroEqJXP1sFztKUy1qU+xvz3u/sfYJLa947b7nAN2Q=="],

    "simple-get": ["simple-get@4.0.1", "", { "dependencies": { "decompress-response": "^6.0.0", "once": "^1.3.1", "simple-concat": "^1.0.0" } }, "sha512-brv7p5WgH0jmQJr1ZDDfKDOSeWWg+OVypG99A/5vYGPqJ6pxiaHLy8nxtFjBA7oMa01ebA9gfh1uMCFqOuXxvA=="],

    "smol-toml": ["smol-toml@1.6.1", "", {}, "sha512-dWUG8F5sIIARXih1DTaQAX4SsiTXhInKf1buxdY9DIg4ZYPZK5nGM1VRIYmEbDbsHt7USo99xSLFu5Q1IqTmsg=="],

    "string_decoder": ["string_decoder@1.3.0", "", { "dependencies": { "safe-buffer": "~5.2.0" } }, "sha512-hkRX8U1WjJFd8LsDJ2yQ/wWWxaopEsABU1XfkM8A+j0+85JAGppt16cr1Whg6KIbb4okU6Mql6BOj+uup/wKeA=="],

    "strip-json-comments": ["strip-json-comments@2.0.1", "", {}, "sha512-4gB8na07fecVVkOI6Rs4e7T6NOTki5EmL7TUduTs6bu3EdnSycntVJ4re8kgZA+wx9IueI2Y11bfbgwtzuE0KQ=="],

    "tar-fs": ["tar-fs@2.1.4", "", { "dependencies": { "chownr": "^1.1.1", "mkdirp-classic": "^0.5.2", "pump": "^3.0.0", "tar-stream": "^2.1.4" } }, "sha512-mDAjwmZdh7LTT6pNleZ05Yt65HC3E+NiQzl672vQG38jIrehtJk/J3mNwIg+vShQPcLF/LV7CMnDW6vjj6sfYQ=="],

    "tar-stream": ["tar-stream@2.2.0", "", { "dependencies": { "bl": "^4.0.3", "end-of-stream": "^1.4.1", "fs-constants": "^1.0.0", "inherits": "^2.0.3", "readable-stream": "^3.1.1" } }, "sha512-ujeqbceABgwMZxEJnk2HDY2DlnUZ+9oEcb1KzTVfYHio0UE6dG71n60d8D2I4qNvleWrrXpmjpt7vZeF1LnMZQ=="],

    "to-regex-range": ["to-regex-range@5.0.1", "", { "dependencies": { "is-number": "^7.0.0" } }, "sha512-65P7iz6X5yEr1cwcgvQxbbIw7Uk3gOy5dIdtZ4rDveLqhrdJP+Li/Hx6tyK0NEb+2GCyneCMJiGqrADCSNk8sQ=="],

    "tunnel-agent": ["tunnel-agent@0.6.0", "", { "dependencies": { "safe-buffer": "^5.0.1" } }, "sha512-McnNiV1l8RYeY8tBgEpuodCC1mLUdbSN+CYBL7kJsJNInOP8UjDDEwdk6Mw60vdLLrr5NHKZhMAOSrR2NZuQ+w=="],

    "typescript": ["typescript@5.8.3", "https://registry.npmmirror.com/typescript/-/typescript-5.8.3.tgz", { "bin": { "tsc": "bin/tsc", "tsserver": "bin/tsserver" } }, "sha512-p1diW6TqL9L07nNxvRMM7hMMw4c5XOo/1ibL4aAIGmSAt9slTE1Xgw5KWuof2uTOvCg9BY7ZRi+GaF+7sfgPeQ=="],

    "undici-types": ["undici-types@7.18.2", "https://registry.npmmirror.com/undici-types/-/undici-types-7.18.2.tgz", {}, "sha512-AsuCzffGHJybSaRrmr5eHr81mwJU3kjw6M+uprWvCXiNeN9SOGwQ3Jn8jb8m3Z6izVgknn1R0FTCEAP2QrLY/w=="],

    "util-deprecate": ["util-deprecate@1.0.2", "", {}, "sha512-EPD5q1uXyFxJpCrLnCc1nHnq3gOa6DZBocAIiI2TaSCA7VCJ1UJDMagCzIkXNsUYfD1daK//LTEQ8xiIbrHtcw=="],

    "wrappy": ["wrappy@1.0.2", "", {}, "sha512-l4Sp/DRseor9wL6EvV2+TuQn63dMkPjZ/sp9XkghTEbV9KlPS1xUsZ3u7/IQO4wxtcFB4bgpQPRcR3QCvezPcQ=="],

    "zod": ["zod@4.1.8", "https://registry.npmmirror.com/zod/-/zod-4.1.8.tgz", {}, "sha512-5R1P+WwQqmmMIEACyzSvo4JXHY5WiAFHRMg+zBZKgKS+Q1viRa0C1hmUKtHltoIFKtIdki3pRxkmpP74jnNYHQ=="],
  }
}
