{
  "lockfileVersion": 1,
  "configVersion": 1,
  "workspaces": {
    "": {
      "name": "opencode-gateway-workspace",
      "devDependencies": {
        "typescript": "5.8",
      },
    },
    "packages/opencode-plugin": {
      "name": "@m4n5ter/opencode-gateway-plugin",
      "version": "0.1.0",
      "dependencies": {
        "@boltffi/runtime": "0.2",
        "@opencode-ai/plugin": "1.2",
      },
    },
  },
  "packages": {
    "@boltffi/runtime": ["@boltffi/runtime@0.2.0", "https://registry.npmmirror.com/@boltffi/runtime/-/runtime-0.2.0.tgz", {}, "sha512-Igfxy20NXZZ7lYxkKakA8QqpQGjZM8bMeKqiU2H3jLxU1ShVTAmAMTS56w9TIKiEZbTMhn763sqa/uM3IQyKSQ=="],

    "@m4n5ter/opencode-gateway-plugin": ["@m4n5ter/opencode-gateway-plugin@workspace:packages/opencode-plugin"],

    "@opencode-ai/plugin": ["@opencode-ai/plugin@1.2.27", "https://registry.npmmirror.com/@opencode-ai/plugin/-/plugin-1.2.27.tgz", { "dependencies": { "@opencode-ai/sdk": "1.2.27", "zod": "4.1.8" } }, "sha512-h+8Bw9v9nghMg7T+SUCTzxlIhOrsTqXW7U0HVLGQST5DjbN7uyCUM51roZWZ8LRjGxzbzFhvPnY1bj8i+ioZyw=="],

    "@opencode-ai/sdk": ["@opencode-ai/sdk@1.2.27", "https://registry.npmmirror.com/@opencode-ai/sdk/-/sdk-1.2.27.tgz", {}, "sha512-Wk0o/I+Fo+wE3zgvlJDs8Fb67KlKqX0PrV8dK5adSDkANq6r4Z25zXJg2iOir+a8ntg3rAcpel1OY4FV/TwRUA=="],

    "typescript": ["typescript@5.8.3", "https://registry.npmmirror.com/typescript/-/typescript-5.8.3.tgz", { "bin": { "tsc": "bin/tsc", "tsserver": "bin/tsserver" } }, "sha512-p1diW6TqL9L07nNxvRMM7hMMw4c5XOo/1ibL4aAIGmSAt9slTE1Xgw5KWuof2uTOvCg9BY7ZRi+GaF+7sfgPeQ=="],

    "zod": ["zod@4.1.8", "https://registry.npmmirror.com/zod/-/zod-4.1.8.tgz", {}, "sha512-5R1P+WwQqmmMIEACyzSvo4JXHY5WiAFHRMg+zBZKgKS+Q1viRa0C1hmUKtHltoIFKtIdki3pRxkmpP74jnNYHQ=="],
  }
}
