# This file is automatically @generated by Cargo.
# It is not intended for manual editing.
version = 4

[[package]]
name = "opencode-gateway-core"
version = "0.1.0"

[[package]]
name = "opencode-gateway-ffi"
version = "0.1.0"
dependencies = [
 "opencode-gateway-core",
]

[[package]]
name = "opencode-gateway-launcher"
version = "0.1.0"
dependencies = [
 "opencode-gateway-core",
 "opencode-gateway-ffi",
]
